
Microsoft Visual Studio Solution File, Format Version 12.00
# Visual Studio Version 17
VisualStudioVersion = 17.7.34202.233
MinimumVisualStudioVersion = 10.0.40219.1
Project("{FAE04EC0-301F-11D3-BF4B-00C04F79EFBC}") = "WpfGaze", "WpfGaze\WpfGaze.csproj", "{B3458184-3FE8-4219-BC0D-BED6D5500888}"
EndProject
Project("{2150E333-8FDC-42A3-9474-1A3956D46DE8}") = "Elementos de la solución", "Elementos de la solución", "{2AFEF92E-DEED-4B9F-8F36-7401F2D54365}"
	ProjectSection(SolutionItems) = preProject
		..\..\..\Downloads\haarcascade_eye.xml = ..\..\..\Downloads\haarcascade_eye.xml
	EndProjectSection
EndProject
Global
	GlobalSection(SolutionConfigurationPlatforms) = preSolution
		Debug|Any CPU = Debug|Any CPU
		Release|Any CPU = Release|Any CPU
	EndGlobalSection
	GlobalSection(ProjectConfigurationPlatforms) = postSolution
		{B3458184-3FE8-4219-BC0D-BED6D5500888}.Debug|Any CPU.ActiveCfg = Debug|Any CPU
		{B3458184-3FE8-4219-BC0D-BED6D5500888}.Debug|Any CPU.Build.0 = Debug|Any CPU
		{B3458184-3FE8-4219-BC0D-BED6D5500888}.Release|Any CPU.ActiveCfg = Release|Any CPU
		{B3458184-3FE8-4219-BC0D-BED6D5500888}.Release|Any CPU.Build.0 = Release|Any CPU
	EndGlobalSection
	GlobalSection(SolutionProperties) = preSolution
		HideSolutionNode = FALSE
	EndGlobalSection
	GlobalSection(ExtensibilityGlobals) = postSolution
		SolutionGuid = {547581A2-85E8-4FA1-ADDD-47CA706802AD}
	EndGlobalSection
EndGlobal
